// !$*UTF8*$!
{
	archiveVersion = 1;
	classes = {
	};
	objectVersion = 50;
	objects = {

/* Begin PBXBuildFile section */
		DE9CEAEB24D181FE007D9D15 /* AppDelegate.swift in Sources */ = {isa = PBXBuildFile; fileRef = DE9CEAEA24D181FE007D9D15 /* AppDelegate.swift */; };
		DE9CEAED24D181FE007D9D15 /* SceneDelegate.swift in Sources */ = {isa = PBXBuildFile; fileRef = DE9CEAEC24D181FE007D9D15 /* SceneDelegate.swift */; };
		DE9CEAEF24D181FE007D9D15 /* ViewController.swift in Sources */ = {isa = PBXBuildFile; fileRef = DE9CEAEE24D181FE007D9D15 /* ViewController.swift */; };
		DE9CEAF224D181FE007D9D15 /* Main.storyboard in Resources */ = {isa = PBXBuildFile; fileRef = DE9CEAF024D181FE007D9D15 /* Main.storyboard */; };
		DE9CEAF424D18202007D9D15 /* Assets.xcassets in Resources */ = {isa = PBXBuildFile; fileRef = DE9CEAF324D18202007D9D15 /* Assets.xcassets */; };
		DE9CEAF724D18202007D9D15 /* LaunchScreen.storyboard in Resources */ = {isa = PBXBuildFile; fileRef = DE9CEAF524D18202007D9D15 /* LaunchScreen.storyboard */; };
		DE9CEB0224D18202007D9D15 /* abcTests.swift in Sources */ = {isa = PBXBuildFile; fileRef = DE9CEB0124D18202007D9D15 /* abcTests.swift */; };
		DE9CEB0D24D18202007D9D15 /* abcUITests.swift in Sources */ = {isa = PBXBuildFile; fileRef = DE9CEB0C24D18202007D9D15 /* abcUITests.swift */; };
/* End PBXBuildFile section */

/* Begin PBXContainerItemProxy section */
		DE9CEAFE24D18202007D9D15 /* PBXContainerItemProxy */ = {
			isa = PBXContainerItemProxy;
			containerPortal = DE9CEADF24D181FE007D9D15 /* Project object */;
			proxyType = 1;
			remoteGlobalIDString = DE9CEAE624D181FE007D9D15;
			remoteInfo = abc;
		};
		DE9CEB0924D18202007D9D15 /* PBXContainerItemProxy */ = {
			isa = PBXContainerItemProxy;
			containerPortal = DE9CEADF24D181FE007D9D15 /* Project object */;
			proxyType = 1;
			remoteGlobalIDString = DE9CEAE624D181FE007D9D15;
			remoteInfo = abc;
		};
/* End PBXContainerItemProxy section */

/* Begin PBXFileReference section */
		DE9CEAE724D181FE007D9D15 /* abc.app */ = {isa = PBXFileReference; explicitFileType = wrapper.application; includeInIndex = 0; path = abc.app; sourceTree = BUILT_PRODUCTS_DIR; };
		DE9CEAEA24D181FE007D9D15 /* AppDelegate.swift */ = {isa = PBXFileReference; lastKnownFileType = sourcecode.swift; path = AppDelegate.swift; sourceTree = "<group>"; };
		DE9CEAEC24D181FE007D9D15 /* SceneDelegate.swift */ = {isa = PBXFileReference; lastKnownFileType = sourcecode.swift; path = SceneDelegate.swift; sourceTree = "<group>"; };
		DE9CEAEE24D181FE007D9D15 /* ViewController.swift */ = {isa = PBXFileReference; lastKnownFileType = sourcecode.swift; path = ViewController.swift; sourceTree = "<group>"; };
		DE9CEAF124D181FE007D9D15 /* Base */ = {isa = PBXFileReference; lastKnownFileType = file.storyboard; name = Base; path = Base.lproj/Main.storyboard; sourceTree = "<group>"; };
		DE9CEAF324D18202007D9D15 /* Assets.xcassets */ = {isa = PBXFileReference; lastKnownFileType = folder.assetcatalog; path = Assets.xcassets; sourceTree = "<group>"; };
		DE9CEAF624D18202007D9D15 /* Base */ = {isa = PBXFileReference; lastKnownFileType = file.storyboard; name = Base; path = Base.lproj/LaunchScreen.storyboard; sourceTree = "<group>"; };
		DE9CEAF824D18202007D9D15 /* Info.plist */ = {isa = PBXFileReference; lastKnownFileType = text.plist.xml; path = Info.plist; sourceTree = "<group>"; };
		DE9CEAFD24D18202007D9D15 /* abcTests.xctest */ = {isa = PBXFileReference; explicitFileType = wrapper.cfbundle; includeInIndex = 0; path = abcTests.xctest; sourceTree = BUILT_PRODUCTS_DIR; };
		DE9CEB0124D18202007D9D15 /* abcTests.swift */ = {isa = PBXFileReference; lastKnownFileType = sourcecode.swift; path = abcTests.swift; sourceTree = "<group>"; };
		DE9CEB0324D18202007D9D15 /* Info.plist */ = {isa = PBXFileReference; lastKnownFileType = text.plist.xml; path = Info.plist; sourceTree = "<group>"; };
		DE9CEB0824D18202007D9D15 /* abcUITests.xctest */ = {isa = PBXFileReference; explicitFileType = wrapper.cfbundle; includeInIndex = 0; path = abcUITests.xctest; sourceTree = BUILT_PRODUCTS_DIR; };
		DE9CEB0C24D18202007D9D15 /* abcUITests.swift */ = {isa = PBXFileReference; lastKnownFileType = sourcecode.swift; path = abcUITests.swift; sourceTree = "<group>"; };
		DE9CEB0E24D18202007D9D15 /* Info.plist */ = {isa = PBXFileReference; lastKnownFileType = text.plist.xml; path = Info.plist; sourceTree = "<group>"; };
/* End PBXFileReference section */

/* Begin PBXFrameworksBuildPhase section */
		DE9CEAE424D181FE007D9D15 /* Frameworks */ = {
			isa = PBXFrameworksBuildPhase;
			buildActionMask = 2147483647;
			files = (
			);
			runOnlyForDeploymentPostprocessing = 0;
		};
		DE9CEAFA24D18202007D9D15 /* Frameworks */ = {
			isa = PBXFrameworksBuildPhase;
			buildActionMask = 2147483647;
			files = (
			);
			runOnlyForDeploymentPostprocessing = 0;
		};
		DE9CEB0524D18202007D9D15 /* Frameworks */ = {
			isa = PBXFrameworksBuildPhase;
			buildActionMask = 2147483647;
			files = (
			);
			runOnlyForDeploymentPostprocessing = 0;
		};
/* End PBXFrameworksBuildPhase section */

/* Begin PBXGroup section */
		DE9CEADE24D181FE007D9D15 = {
			isa = PBXGroup;
			children = (
				DE9CEAE924D181FE007D9D15 /* abc */,
				DE9CEB0024D18202007D9D15 /* abcTests */,
				DE9CEB0B24D18202007D9D15 /* abcUITests */,
				DE9CEAE824D181FE007D9D15 /* Products */,
			);
			sourceTree = "<group>";
		};
		DE9CEAE824D181FE007D9D15 /* Products */ = {
			isa = PBXGroup;
			children = (
				DE9CEAE724D181FE007D9D15 /* abc.app */,
				DE9CEAFD24D18202007D9D15 /* abcTests.xctest */,
				DE9CEB0824D18202007D9D15 /* abcUITests.xctest */,
			);
			name = Products;
			sourceTree = "<group>";
		};
		DE9CEAE924D181FE007D9D15 /* abc */ = {
			isa = PBXGroup;
			children = (
				DE9CEAEA24D181FE007D9D15 /* AppDelegate.swift */,
				DE9CEAEC24D181FE007D9D15 /* SceneDelegate.swift */,
				DE9CEAEE24D181FE007D9D15 /* ViewController.swift */,
				DE9CEAF024D181FE007D9D15 /* Main.storyboard */,
				DE9CEAF324D18202007D9D15 /* Assets.xcassets */,
				DE9CEAF524D18202007D9D15 /* LaunchScreen.storyboard */,
				DE9CEAF824D18202007D9D15 /* Info.plist */,
			);
			path = abc;
			sourceTree = "<group>";
		};
		DE9CEB0024D18202007D9D15 /* abcTests */ = {
			isa = PBXGroup;
			children = (
				DE9CEB0124D18202007D9D15 /* abcTests.swift */,
				DE9CEB0324D18202007D9D15 /* Info.plist */,
			);
			path = abcTests;
			sourceTree = "<group>";
		};
		DE9CEB0B24D18202007D9D15 /* abcUITests */ = {
			isa = PBXGroup;
			children = (
				DE9CEB0C24D18202007D9D15 /* abcUITests.swift */,
				DE9CEB0E24D18202007D9D15 /* Info.plist */,
			);
			path = abcUITests;
			sourceTree = "<group>";
		};
/* End PBXGroup section */

/* Begin PBXNativeTarget section */
		DE9CEAE624D181FE007D9D15 /* abc */ = {
			isa = PBXNativeTarget;
			buildConfigurationList = DE9CEB1124D18202007D9D15 /* Build configuration list for PBXNativeTarget "abc" */;
			buildPhases = (
				DE9CEAE324D181FE007D9D15 /* Sources */,
				DE9CEAE424D181FE007D9D15 /* Frameworks */,
				DE9CEAE524D181FE007D9D15 /* Resources */,
			);
			buildRules = (
			);
			dependencies = (
			);
			name = abc;
			productName = abc;
			productReference = DE9CEAE724D181FE007D9D15 /* abc.app */;
			productType = "com.apple.product-type.application";
		};
		DE9CEAFC24D18202007D9D15 /* abcTests */ = {
			isa = PBXNativeTarget;
			buildConfigurationList = DE9CEB1424D18202007D9D15 /* Build configuration list for PBXNativeTarget "abcTests" */;
			buildPhases = (
				DE9CEAF924D18202007D9D15 /* Sources */,
				DE9CEAFA24D18202007D9D15 /* Frameworks */,
				DE9CEAFB24D18202007D9D15 /* Resources */,
			);
			buildRules = (
			);
			dependencies = (
				DE9CEAFF24D18202007D9D15 /* PBXTargetDependency */,
			);
			name = abcTests;
			productName = abcTests;
			productReference = DE9CEAFD24D18202007D9D15 /* abcTests.xctest */;
			productType = "com.apple.product-type.bundle.unit-test";
		};
		DE9CEB0724D18202007D9D15 /* abcUITests */ = {
			isa = PBXNativeTarget;
			buildConfigurationList = DE9CEB1724D18202007D9D15 /* Build configuration list for PBXNativeTarget "abcUITests" */;
			buildPhases = (
				DE9CEB0424D18202007D9D15 /* Sources */,
				DE9CEB0524D18202007D9D15 /* Frameworks */,
				DE9CEB0624D18202007D9D15 /* Resources */,
			);
			buildRules = (
			);
			dependencies = (
				DE9CEB0A24D18202007D9D15 /* PBXTargetDependency */,
			);
			name = abcUITests;
			productName = abcUITests;
			productReference = DE9CEB0824D18202007D9D15 /* abcUITests.xctest */;
			productType = "com.apple.product-type.bundle.ui-testing";
		};
/* End PBXNativeTarget section */

/* Begin PBXProject section */
		DE9CEADF24D181FE007D9D15 /* Project object */ = {
			isa = PBXProject;
			attributes = {
				LastSwiftUpdateCheck = 1160;
				LastUpgradeCheck = 1160;
				ORGANIZATIONNAME = "Shubham Patel";
				TargetAttributes = {
					DE9CEAE624D181FE007D9D15 = {
						CreatedOnToolsVersion = 11.6;
					};
					DE9CEAFC24D18202007D9D15 = {
						CreatedOnToolsVersion = 11.6;
						TestTargetID = DE9CEAE624D181FE007D9D15;
					};
					DE9CEB0724D18202007D9D15 = {
						CreatedOnToolsVersion = 11.6;
						TestTargetID = DE9CEAE624D181FE007D9D15;
					};
				};
			};
			buildConfigurationList = DE9CEAE224D181FE007D9D15 /* Build configuration list for PBXProject "abc" */;
			compatibilityVersion = "Xcode 9.3";
			developmentRegion = en;
			hasScannedForEncodings = 0;
			knownRegions = (
				en,
				Base,
			);
			mainGroup = DE9CEADE24D181FE007D9D15;
			productRefGroup = DE9CEAE824D181FE007D9D15 /* Products */;
			projectDirPath = "";
			projectRoot = "";
			targets = (
				DE9CEAE624D181FE007D9D15 /* abc */,
				DE9CEAFC24D18202007D9D15 /* abcTests */,
				DE9CEB0724D18202007D9D15 /* abcUITests */,
			);
		};
/* End PBXProject section */

/* Begin PBXResourcesBuildPhase section */
		DE9CEAE524D181FE007D9D15 /* Resources */ = {
			isa = PBXResourcesBuildPhase;
			buildActionMask = 2147483647;
			files = (
				DE9CEAF724D18202007D9D15 /* LaunchScreen.storyboard in Resources */,
				DE9CEAF424D18202007D9D15 /* Assets.xcassets in Resources */,
				DE9CEAF224D181FE007D9D15 /* Main.storyboard in Resources */,
			);
			runOnlyForDeploymentPostprocessing = 0;
		};
		DE9CEAFB24D18202007D9D15 /* Resources */ = {
			isa = PBXResourcesBuildPhase;
			buildActionMask = 2147483647;
			files = (
			);
			runOnlyForDeploymentPostprocessing = 0;
		};
		DE9CEB0624D18202007D9D15 /* Resources */ = {
			isa = PBXResourcesBuildPhase;
			buildActionMask = 2147483647;
			files = (
			);
			runOnlyForDeploymentPostprocessing = 0;
		};
/* End PBXResourcesBuildPhase section */

/* Begin PBXSourcesBuildPhase section */
		DE9CEAE324D181FE007D9D15 /* Sources */ = {
			isa = PBXSourcesBuildPhase;
			buildActionMask = 2147483647;
			files = (
				DE9CEAEF24D181FE007D9D15 /* ViewController.swift in Sources */,
				DE9CEAEB24D181FE007D9D15 /* AppDelegate.swift in Sources */,
				DE9CEAED24D181FE007D9D15 /* SceneDelegate.swift in Sources */,
			);
			runOnlyForDeploymentPostprocessing = 0;
		};
		DE9CEAF924D18202007D9D15 /* Sources */ = {
			isa = PBXSourcesBuildPhase;
			buildActionMask = 2147483647;
			files = (
				DE9CEB0224D18202007D9D15 /* abcTests.swift in Sources */,
			);
			runOnlyForDeploymentPostprocessing = 0;
		};
		DE9CEB0424D18202007D9D15 /* Sources */ = {
			isa = PBXSourcesBuildPhase;
			buildActionMask = 2147483647;
			files = (
				DE9CEB0D24D18202007D9D15 /* abcUITests.swift in Sources */,
			);
			runOnlyForDeploymentPostprocessing = 0;
		};
/* End PBXSourcesBuildPhase section */

/* Begin PBXTargetDependency section */
		DE9CEAFF24D18202007D9D15 /* PBXTargetDependency */ = {
			isa = PBXTargetDependency;
			target = DE9CEAE624D181FE007D9D15 /* abc */;
			targetProxy = DE9CEAFE24D18202007D9D15 /* PBXContainerItemProxy */;
		};
		DE9CEB0A24D18202007D9D15 /* PBXTargetDependency */ = {
			isa = PBXTargetDependency;
			target = DE9CEAE624D181FE007D9D15 /* abc */;
			targetProxy = DE9CEB0924D18202007D9D15 /* PBXContainerItemProxy */;
		};
/* End PBXTargetDependency section */

/* Begin PBXVariantGroup section */
		DE9CEAF024D181FE007D9D15 /* Main.storyboard */ = {
			isa = PBXVariantGroup;
			children = (
				DE9CEAF124D181FE007D9D15 /* Base */,
			);
			name = Main.storyboard;
			sourceTree = "<group>";
		};
		DE9CEAF524D18202007D9D15 /* LaunchScreen.storyboard */ = {
			isa = PBXVariantGroup;
			children = (
				DE9CEAF624D18202007D9D15 /* Base */,
			);
			name = LaunchScreen.storyboard;
			sourceTree = "<group>";
		};
/* End PBXVariantGroup section */

/* Begin XCBuildConfiguration section */
		DE9CEB0F24D18202007D9D15 /* Debug */ = {
			isa = XCBuildConfiguration;
			buildSettings = {
				ALWAYS_SEARCH_USER_PATHS = NO;
				CLANG_ANALYZER_NONNULL = YES;
				CLANG_ANALYZER_NUMBER_OBJECT_CONVERSION = YES_AGGRESSIVE;
				CLANG_CXX_LANGUAGE_STANDARD = "gnu++14";
				CLANG_CXX_LIBRARY = "libc++";
				CLANG_ENABLE_MODULES = YES;
				CLANG_ENABLE_OBJC_ARC = YES;
				CLANG_ENABLE_OBJC_WEAK = YES;
				CLANG_WARN_BLOCK_CAPTURE_AUTORELEASING = YES;
				CLANG_WARN_BOOL_CONVERSION = YES;
				CLANG_WARN_COMMA = YES;
				CLANG_WARN_CONSTANT_CONVERSION = YES;
				CLANG_WARN_DEPRECATED_OBJC_IMPLEMENTATIONS = YES;
				CLANG_WARN_DIRECT_OBJC_ISA_USAGE = YES_ERROR;
				CLANG_WARN_DOCUMENTATION_COMMENTS = YES;
				CLANG_WARN_EMPTY_BODY = YES;
				CLANG_WARN_ENUM_CONVERSION = YES;
				CLANG_WARN_INFINITE_RECURSION = YES;
				CLANG_WARN_INT_CONVERSION = YES;
				CLANG_WARN_NON_LITERAL_NULL_CONVERSION = YES;
				CLANG_WARN_OBJC_IMPLICIT_RETAIN_SELF = YES;
				CLANG_WARN_OBJC_LITERAL_CONVERSION = YES;
				CLANG_WARN_OBJC_ROOT_CLASS = YES_ERROR;
				CLANG_WARN_RANGE_LOOP_ANALYSIS = YES;
				CLANG_WARN_STRICT_PROTOTYPES = YES;
				CLANG_WARN_SUSPICIOUS_MOVE = YES;
				CLANG_WARN_UNGUARDED_AVAILABILITY = YES_AGGRESSIVE;
				CLANG_WARN_UNREACHABLE_CODE = YES;
				CLANG_WARN__DUPLICATE_METHOD_MATCH = YES;
				COPY_PHASE_STRIP = NO;
				DEBUG_INFORMATION_FORMAT = dwarf;
				ENABLE_STRICT_OBJC_MSGSEND = YES;
				ENABLE_TESTABILITY = YES;
				GCC_C_LANGUAGE_STANDARD = gnu11;
				GCC_DYNAMIC_NO_PIC = NO;
				GCC_NO_COMMON_BLOCKS = YES;
				GCC_OPTIMIZATION_LEVEL = 0;
				GCC_PREPROCESSOR_DEFINITIONS = (
					"DEBUG=1",
					"$(inherited)",
				);
				GCC_WARN_64_TO_32_BIT_CONVERSION = YES;
				GCC_WARN_ABOUT_RETURN_TYPE = YES_ERROR;
				GCC_WARN_UNDECLARED_SELECTOR = YES;
				GCC_WARN_UNINITIALIZED_AUTOS = YES_AGGRESSIVE;
				GCC_WARN_UNUSED_FUNCTION = YES;
				GCC_WARN_UNUSED_VARIABLE = YES;
				IPHONEOS_DEPLOYMENT_TARGET = 13.6;
				MTL_ENABLE_DEBUG_INFO = INCLUDE_SOURCE;
				MTL_FAST_MATH = YES;
				ONLY_ACTIVE_ARCH = YES;
				SDKROOT = iphoneos;
				SWIFT_ACTIVE_COMPILATION_CONDITIONS = DEBUG;
				SWIFT_OPTIMIZATION_LEVEL = "-Onone";
			};
			name = Debug;
		};
		DE9CEB1024D18202007D9D15 /* Release */ = {
			isa = XCBuildConfiguration;
			buildSettings = {
				ALWAYS_SEARCH_USER_PATHS = NO;
				CLANG_ANALYZER_NONNULL = YES;
				CLANG_ANALYZER_NUMBER_OBJECT_CONVERSION = YES_AGGRESSIVE;
				CLANG_CXX_LANGUAGE_STANDARD = "gnu++14";
				CLANG_CXX_LIBRARY = "libc++";
				CLANG_ENABLE_MODULES = YES;
				CLANG_ENABLE_OBJC_ARC = YES;
				CLANG_ENABLE_OBJC_WEAK = YES;
				CLANG_WARN_BLOCK_CAPTURE_AUTORELEASING = YES;
				CLANG_WARN_BOOL_CONVERSION = YES;
				CLANG_WARN_COMMA = YES;
				CLANG_WARN_CONSTANT_CONVERSION = YES;
				CLANG_WARN_DEPRECATED_OBJC_IMPLEMENTATIONS = YES;
				CLANG_WARN_DIRECT_OBJC_ISA_USAGE = YES_ERROR;
				CLANG_WARN_DOCUMENTATION_COMMENTS = YES;
				CLANG_WARN_EMPTY_BODY = YES;
				CLANG_WARN_ENUM_CONVERSION = YES;
				CLANG_WARN_INFINITE_RECURSION = YES;
				CLANG_WARN_INT_CONVERSION = YES;
				CLANG_WARN_NON_LITERAL_NULL_CONVERSION = YES;
				CLANG_WARN_OBJC_IMPLICIT_RETAIN_SELF = YES;
				CLANG_WARN_OBJC_LITERAL_CONVERSION = YES;
				CLANG_WARN_OBJC_ROOT_CLASS = YES_ERROR;
				CLANG_WARN_RANGE_LOOP_ANALYSIS = YES;
				CLANG_WARN_STRICT_PROTOTYPES = YES;
				CLANG_WARN_SUSPICIOUS_MOVE = YES;
				CLANG_WARN_UNGUARDED_AVAILABILITY = YES_AGGRESSIVE;
				CLANG_WARN_UNREACHABLE_CODE = YES;
				CLANG_WARN__DUPLICATE_METHOD_MATCH = YES;
				COPY_PHASE_STRIP = NO;
				DEBUG_INFORMATION_FORMAT = "dwarf-with-dsym";
				ENABLE_NS_ASSERTIONS = NO;
				ENABLE_STRICT_OBJC_MSGSEND = YES;
				GCC_C_LANGUAGE_STANDARD = gnu11;
				GCC_NO_COMMON_BLOCKS = YES;
				GCC_WARN_64_TO_32_BIT_CONVERSION = YES;
				GCC_WARN_ABOUT_RETURN_TYPE = YES_ERROR;
				GCC_WARN_UNDECLARED_SELECTOR = YES;
				GCC_WARN_UNINITIALIZED_AUTOS = YES_AGGRESSIVE;
				GCC_WARN_UNUSED_FUNCTION = YES;
				GCC_WARN_UNUSED_VARIABLE = YES;
				IPHONEOS_DEPLOYMENT_TARGET = 13.6;
				MTL_ENABLE_DEBUG_INFO = NO;
				MTL_FAST_MATH = YES;
				SDKROOT = iphoneos;
				SWIFT_COMPILATION_MODE = wholemodule;
				SWIFT_OPTIMIZATION_LEVEL = "-O";
				VALIDATE_PRODUCT = YES;
			};
			name = Release;
		};
		DE9CEB1224D18202007D9D15 /* Debug */ = {
			isa = XCBuildConfiguration;
			buildSettings = {
				ASSETCATALOG_COMPILER_APPICON_NAME = AppIcon;
				CODE_SIGN_STYLE = Automatic;
				DEVELOPMENT_TEAM = 6484ZA84G9;
				INFOPLIST_FILE = abc/Info.plist;
				LD_RUNPATH_SEARCH_PATHS = (
					"$(inherited)",
					"@executable_path/Frameworks",
				);
				PRODUCT_BUNDLE_IDENTIFIER = Shubham.abc;
				PRODUCT_NAME = "$(TARGET_NAME)";
				SWIFT_VERSION = 5.0;
				TARGETED_DEVICE_FAMILY = "1,2";
			};
			name = Debug;
		};
		DE9CEB1324D18202007D9D15 /* Release */ = {
			isa = XCBuildConfiguration;
			buildSettings = {
				ASSETCATALOG_COMPILER_APPICON_NAME = AppIcon;
				CODE_SIGN_STYLE = Automatic;
				DEVELOPMENT_TEAM = 6484ZA84G9;
				INFOPLIST_FILE = abc/Info.plist;
				LD_RUNPATH_SEARCH_PATHS = (
					"$(inherited)",
					"@executable_path/Frameworks",
				);
				PRODUCT_BUNDLE_IDENTIFIER = Shubham.abc;
				PRODUCT_NAME = "$(TARGET_NAME)";
				SWIFT_VERSION = 5.0;
				TARGETED_DEVICE_FAMILY = "1,2";
			};
			name = Release;
		};
		DE9CEB1524D18202007D9D15 /* Debug */ = {
			isa = XCBuildConfiguration;
			buildSettings = {
				ALWAYS_EMBED_SWIFT_STANDARD_LIBRARIES = YES;
				BUNDLE_LOADER = "$(TEST_HOST)";
				CODE_SIGN_STYLE = Automatic;
				DEVELOPMENT_TEAM = 6484ZA84G9;
				INFOPLIST_FILE = abcTests/Info.plist;
				IPHONEOS_DEPLOYMENT_TARGET = 13.6;
				LD_RUNPATH_SEARCH_PATHS = (
					"$(inherited)",
					"@executable_path/Frameworks",
					"@loader_path/Frameworks",
				);
				PRODUCT_BUNDLE_IDENTIFIER = Shubham.abcTests;
				PRODUCT_NAME = "$(TARGET_NAME)";
				SWIFT_VERSION = 5.0;
				TARGETED_DEVICE_FAMILY = "1,2";
				TEST_HOST = "$(BUILT_PRODUCTS_DIR)/abc.app/abc";
			};
			name = Debug;
		};
		DE9CEB1624D18202007D9D15 /* Release */ = {
			isa = XCBuildConfiguration;
			buildSettings = {
				ALWAYS_EMBED_SWIFT_STANDARD_LIBRARIES = YES;
				BUNDLE_LOADER = "$(TEST_HOST)";
				CODE_SIGN_STYLE = Automatic;
				DEVELOPMENT_TEAM = 6484ZA84G9;
				INFOPLIST_FILE = abcTests/Info.plist;
				IPHONEOS_DEPLOYMENT_TARGET = 13.6;
				LD_RUNPATH_SEARCH_PATHS = (
					"$(inherited)",
					"@executable_path/Frameworks",
					"@loader_path/Frameworks",
				);
				PRODUCT_BUNDLE_IDENTIFIER = Shubham.abcTests;
				PRODUCT_NAME = "$(TARGET_NAME)";
				SWIFT_VERSION = 5.0;
				TARGETED_DEVICE_FAMILY = "1,2";
				TEST_HOST = "$(BUILT_PRODUCTS_DIR)/abc.app/abc";
			};
			name = Release;
		};
		DE9CEB1824D18202007D9D15 /* Debug */ = {
			isa = XCBuildConfiguration;
			buildSettings = {
				ALWAYS_EMBED_SWIFT_STANDARD_LIBRARIES = YES;
				CODE_SIGN_STYLE = Automatic;
				DEVELOPMENT_TEAM = 6484ZA84G9;
				INFOPLIST_FILE = abcUITests/Info.plist;
				LD_RUNPATH_SEARCH_PATHS = (
					"$(inherited)",
					"@executable_path/Frameworks",
					"@loader_path/Frameworks",
				);
				PRODUCT_BUNDLE_IDENTIFIER = Shubham.abcUITests;
				PRODUCT_NAME = "$(TARGET_NAME)";
				SWIFT_VERSION = 5.0;
				TARGETED_DEVICE_FAMILY = "1,2";
				TEST_TARGET_NAME = abc;
			};
			name = Debug;
		};
		DE9CEB1924D18202007D9D15 /* Release */ = {
			isa = XCBuildConfiguration;
			buildSettings = {
				ALWAYS_EMBED_SWIFT_STANDARD_LIBRARIES = YES;
				CODE_SIGN_STYLE = Automatic;
				DEVELOPMENT_TEAM = 6484ZA84G9;
				INFOPLIST_FILE = abcUITests/Info.plist;
				LD_RUNPATH_SEARCH_PATHS = (
					"$(inherited)",
					"@executable_path/Frameworks",
					"@loader_path/Frameworks",
				);
				PRODUCT_BUNDLE_IDENTIFIER = Shubham.abcUITests;
				PRODUCT_NAME = "$(TARGET_NAME)";
				SWIFT_VERSION = 5.0;
				TARGETED_DEVICE_FAMILY = "1,2";
				TEST_TARGET_NAME = abc;
			};
			name = Release;
		};
/* End XCBuildConfiguration section */

/* Begin XCConfigurationList section */
		DE9CEAE224D181FE007D9D15 /* Build configuration list for PBXProject "abc" */ = {
			isa = XCConfigurationList;
			buildConfigurations = (
				DE9CEB0F24D18202007D9D15 /* Debug */,
				DE9CEB1024D18202007D9D15 /* Release */,
			);
			defaultConfigurationIsVisible = 0;
			defaultConfigurationName = Release;
		};
		DE9CEB1124D18202007D9D15 /* Build configuration list for PBXNativeTarget "abc" */ = {
			isa = XCConfigurationList;
			buildConfigurations = (
				DE9CEB1224D18202007D9D15 /* Debug */,
				DE9CEB1324D18202007D9D15 /* Release */,
			);
			defaultConfigurationIsVisible = 0;
			defaultConfigurationName = Release;
		};
		DE9CEB1424D18202007D9D15 /* Build configuration list for PBXNativeTarget "abcTests" */ = {
			isa = XCConfigurationList;
			buildConfigurations = (
				DE9CEB1524D18202007D9D15 /* Debug */,
				DE9CEB1624D18202007D9D15 /* Release */,
			);
			defaultConfigurationIsVisible = 0;
			defaultConfigurationName = Release;
		};
		DE9CEB1724D18202007D9D15 /* Build configuration list for PBXNativeTarget "abcUITests" */ = {
			isa = XCConfigurationList;
			buildConfigurations = (
				DE9CEB1824D18202007D9D15 /* Debug */,
				DE9CEB1924D18202007D9D15 /* Release */,
			);
			defaultConfigurationIsVisible = 0;
			defaultConfigurationName = Release;
		};
/* End XCConfigurationList section */
	};
	rootObject = DE9CEADF24D181FE007D9D15 /* Project object */;
}
