// !$*UTF8*$!
{
	archiveVersion = 1;
	classes = {
	};
	objectVersion = 50;
	objects = {

/* Begin PBXBuildFile section */
		DE3D615324CB469500448CF4 /* AppDelegate.swift in Sources */ = {isa = PBXBuildFile; fileRef = DE3D615224CB469500448CF4 /* AppDelegate.swift */; };
		DE3D615524CB469500448CF4 /* SceneDelegate.swift in Sources */ = {isa = PBXBuildFile; fileRef = DE3D615424CB469500448CF4 /* SceneDelegate.swift */; };
		DE3D615724CB469500448CF4 /* ViewController.swift in Sources */ = {isa = PBXBuildFile; fileRef = DE3D615624CB469500448CF4 /* ViewController.swift */; };
		DE3D615A24CB469500448CF4 /* Main.storyboard in Resources */ = {isa = PBXBuildFile; fileRef = DE3D615824CB469500448CF4 /* Main.storyboard */; };
		DE3D615C24CB469B00448CF4 /* Assets.xcassets in Resources */ = {isa = PBXBuildFile; fileRef = DE3D615B24CB469B00448CF4 /* Assets.xcassets */; };
		DE3D615F24CB469B00448CF4 /* LaunchScreen.storyboard in Resources */ = {isa = PBXBuildFile; fileRef = DE3D615D24CB469B00448CF4 /* LaunchScreen.storyboard */; };
		DE3D616A24CB469B00448CF4 /* face_detectionTests.swift in Sources */ = {isa = PBXBuildFile; fileRef = DE3D616924CB469B00448CF4 /* face_detectionTests.swift */; };
		DE3D617524CB469B00448CF4 /* face_detectionUITests.swift in Sources */ = {isa = PBXBuildFile; fileRef = DE3D617424CB469B00448CF4 /* face_detectionUITests.swift */; };
		DE76F89224D073F3006AE092 /* mask_detection.mlmodel in Sources */ = {isa = PBXBuildFile; fileRef = DE76F89124D073F3006AE092 /* mask_detection.mlmodel */; };
/* End PBXBuildFile section */

/* Begin PBXContainerItemProxy section */
		DE3D616624CB469B00448CF4 /* PBXContainerItemProxy */ = {
			isa = PBXContainerItemProxy;
			containerPortal = DE3D614724CB469500448CF4 /* Project object */;
			proxyType = 1;
			remoteGlobalIDString = DE3D614E24CB469500448CF4;
			remoteInfo = face_detection;
		};
		DE3D617124CB469B00448CF4 /* PBXContainerItemProxy */ = {
			isa = PBXContainerItemProxy;
			containerPortal = DE3D614724CB469500448CF4 /* Project object */;
			proxyType = 1;
			remoteGlobalIDString = DE3D614E24CB469500448CF4;
			remoteInfo = face_detection;
		};
/* End PBXContainerItemProxy section */

/* Begin PBXFileReference section */
		DE3D614F24CB469500448CF4 /* Mask Detector.app */ = {isa = PBXFileReference; explicitFileType = wrapper.application; includeInIndex = 0; path = "Mask Detector.app"; sourceTree = BUILT_PRODUCTS_DIR; };
		DE3D615224CB469500448CF4 /* AppDelegate.swift */ = {isa = PBXFileReference; lastKnownFileType = sourcecode.swift; path = AppDelegate.swift; sourceTree = "<group>"; };
		DE3D615424CB469500448CF4 /* SceneDelegate.swift */ = {isa = PBXFileReference; lastKnownFileType = sourcecode.swift; path = SceneDelegate.swift; sourceTree = "<group>"; };
		DE3D615624CB469500448CF4 /* ViewController.swift */ = {isa = PBXFileReference; lastKnownFileType = sourcecode.swift; path = ViewController.swift; sourceTree = "<group>"; };
		DE3D615924CB469500448CF4 /* Base */ = {isa = PBXFileReference; lastKnownFileType = file.storyboard; name = Base; path = Base.lproj/Main.storyboard; sourceTree = "<group>"; };
		DE3D615B24CB469B00448CF4 /* Assets.xcassets */ = {isa = PBXFileReference; lastKnownFileType = folder.assetcatalog; path = Assets.xcassets; sourceTree = "<group>"; };
		DE3D615E24CB469B00448CF4 /* Base */ = {isa = PBXFileReference; lastKnownFileType = file.storyboard; name = Base; path = Base.lproj/LaunchScreen.storyboard; sourceTree = "<group>"; };
		DE3D616024CB469B00448CF4 /* Info.plist */ = {isa = PBXFileReference; lastKnownFileType = text.plist.xml; path = Info.plist; sourceTree = "<group>"; };
		DE3D616524CB469B00448CF4 /* Mask DetectorTests.xctest */ = {isa = PBXFileReference; explicitFileType = wrapper.cfbundle; includeInIndex = 0; path = "Mask DetectorTests.xctest"; sourceTree = BUILT_PRODUCTS_DIR; };
		DE3D616924CB469B00448CF4 /* face_detectionTests.swift */ = {isa = PBXFileReference; lastKnownFileType = sourcecode.swift; path = face_detectionTests.swift; sourceTree = "<group>"; };
		DE3D616B24CB469B00448CF4 /* Info.plist */ = {isa = PBXFileReference; lastKnownFileType = text.plist.xml; path = Info.plist; sourceTree = "<group>"; };
		DE3D617024CB469B00448CF4 /* Mask DetectorUITests.xctest */ = {isa = PBXFileReference; explicitFileType = wrapper.cfbundle; includeInIndex = 0; path = "Mask DetectorUITests.xctest"; sourceTree = BUILT_PRODUCTS_DIR; };
		DE3D617424CB469B00448CF4 /* face_detectionUITests.swift */ = {isa = PBXFileReference; lastKnownFileType = sourcecode.swift; path = face_detectionUITests.swift; sourceTree = "<group>"; };
		DE3D617624CB469B00448CF4 /* Info.plist */ = {isa = PBXFileReference; lastKnownFileType = text.plist.xml; path = Info.plist; sourceTree = "<group>"; };
		DE76F89124D073F3006AE092 /* mask_detection.mlmodel */ = {isa = PBXFileReference; lastKnownFileType = file.mlmodel; name = mask_detection.mlmodel; path = ../../model/mask_detection.mlmodel; sourceTree = "<group>"; };
/* End PBXFileReference section */

/* Begin PBXFrameworksBuildPhase section */
		DE3D614C24CB469500448CF4 /* Frameworks */ = {
			isa = PBXFrameworksBuildPhase;
			buildActionMask = 2147483647;
			files = (
			);
			runOnlyForDeploymentPostprocessing = 0;
		};
		DE3D616224CB469B00448CF4 /* Frameworks */ = {
			isa = PBXFrameworksBuildPhase;
			buildActionMask = 2147483647;
			files = (
			);
			runOnlyForDeploymentPostprocessing = 0;
		};
		DE3D616D24CB469B00448CF4 /* Frameworks */ = {
			isa = PBXFrameworksBuildPhase;
			buildActionMask = 2147483647;
			files = (
			);
			runOnlyForDeploymentPostprocessing = 0;
		};
/* End PBXFrameworksBuildPhase section */

/* Begin PBXGroup section */
		DE3D614624CB469500448CF4 = {
			isa = PBXGroup;
			children = (
				DE3D615124CB469500448CF4 /* face_detection */,
				DE3D616824CB469B00448CF4 /* face_detectionTests */,
				DE3D617324CB469B00448CF4 /* face_detectionUITests */,
				DE3D615024CB469500448CF4 /* Products */,
			);
			sourceTree = "<group>";
		};
		DE3D615024CB469500448CF4 /* Products */ = {
			isa = PBXGroup;
			children = (
				DE3D614F24CB469500448CF4 /* Mask Detector.app */,
				DE3D616524CB469B00448CF4 /* Mask DetectorTests.xctest */,
				DE3D617024CB469B00448CF4 /* Mask DetectorUITests.xctest */,
			);
			name = Products;
			sourceTree = "<group>";
		};
		DE3D615124CB469500448CF4 /* face_detection */ = {
			isa = PBXGroup;
			children = (
				DE3D615224CB469500448CF4 /* AppDelegate.swift */,
				DE3D615424CB469500448CF4 /* SceneDelegate.swift */,
				DE3D615624CB469500448CF4 /* ViewController.swift */,
				DE3D615824CB469500448CF4 /* Main.storyboard */,
				DE76F89124D073F3006AE092 /* mask_detection.mlmodel */,
				DE3D615B24CB469B00448CF4 /* Assets.xcassets */,
				DE3D615D24CB469B00448CF4 /* LaunchScreen.storyboard */,
				DE3D616024CB469B00448CF4 /* Info.plist */,
			);
			path = face_detection;
			sourceTree = "<group>";
		};
		DE3D616824CB469B00448CF4 /* face_detectionTests */ = {
			isa = PBXGroup;
			children = (
				DE3D616924CB469B00448CF4 /* face_detectionTests.swift */,
				DE3D616B24CB469B00448CF4 /* Info.plist */,
			);
			path = face_detectionTests;
			sourceTree = "<group>";
		};
		DE3D617324CB469B00448CF4 /* face_detectionUITests */ = {
			isa = PBXGroup;
			children = (
				DE3D617424CB469B00448CF4 /* face_detectionUITests.swift */,
				DE3D617624CB469B00448CF4 /* Info.plist */,
			);
			path = face_detectionUITests;
			sourceTree = "<group>";
		};
/* End PBXGroup section */

/* Begin PBXNativeTarget section */
		DE3D614E24CB469500448CF4 /* Mask Detector */ = {
			isa = PBXNativeTarget;
			buildConfigurationList = DE3D617924CB469B00448CF4 /* Build configuration list for PBXNativeTarget "Mask Detector" */;
			buildPhases = (
				DE3D614B24CB469500448CF4 /* Sources */,
				DE3D614C24CB469500448CF4 /* Frameworks */,
				DE3D614D24CB469500448CF4 /* Resources */,
			);
			buildRules = (
			);
			dependencies = (
			);
			name = "Mask Detector";
			productName = face_detection;
			productReference = DE3D614F24CB469500448CF4 /* Mask Detector.app */;
			productType = "com.apple.product-type.application";
		};
		DE3D616424CB469B00448CF4 /* Mask DetectorTests */ = {
			isa = PBXNativeTarget;
			buildConfigurationList = DE3D617C24CB469B00448CF4 /* Build configuration list for PBXNativeTarget "Mask DetectorTests" */;
			buildPhases = (
				DE3D616124CB469B00448CF4 /* Sources */,
				DE3D616224CB469B00448CF4 /* Frameworks */,
				DE3D616324CB469B00448CF4 /* Resources */,
			);
			buildRules = (
			);
			dependencies = (
				DE3D616724CB469B00448CF4 /* PBXTargetDependency */,
			);
			name = "Mask DetectorTests";
			productName = face_detectionTests;
			productReference = DE3D616524CB469B00448CF4 /* Mask DetectorTests.xctest */;
			productType = "com.apple.product-type.bundle.unit-test";
		};
		DE3D616F24CB469B00448CF4 /* Mask DetectorUITests */ = {
			isa = PBXNativeTarget;
			buildConfigurationList = DE3D617F24CB469B00448CF4 /* Build configuration list for PBXNativeTarget "Mask DetectorUITests" */;
			buildPhases = (
				DE3D616C24CB469B00448CF4 /* Sources */,
				DE3D616D24CB469B00448CF4 /* Frameworks */,
				DE3D616E24CB469B00448CF4 /* Resources */,
			);
			buildRules = (
			);
			dependencies = (
				DE3D617224CB469B00448CF4 /* PBXTargetDependency */,
			);
			name = "Mask DetectorUITests";
			productName = face_detectionUITests;
			productReference = DE3D617024CB469B00448CF4 /* Mask DetectorUITests.xctest */;
			productType = "com.apple.product-type.bundle.ui-testing";
		};
/* End PBXNativeTarget section */

/* Begin PBXProject section */
		DE3D614724CB469500448CF4 /* Project object */ = {
			isa = PBXProject;
			attributes = {
				LastSwiftUpdateCheck = 1160;
				LastUpgradeCheck = 1160;
				ORGANIZATIONNAME = "Shubham Patel";
				TargetAttributes = {
					DE3D614E24CB469500448CF4 = {
						CreatedOnToolsVersion = 11.6;
					};
					DE3D616424CB469B00448CF4 = {
						CreatedOnToolsVersion = 11.6;
						TestTargetID = DE3D614E24CB469500448CF4;
					};
					DE3D616F24CB469B00448CF4 = {
						CreatedOnToolsVersion = 11.6;
						TestTargetID = DE3D614E24CB469500448CF4;
					};
				};
			};
			buildConfigurationList = DE3D614A24CB469500448CF4 /* Build configuration list for PBXProject "Mask Detector" */;
			compatibilityVersion = "Xcode 9.3";
			developmentRegion = en;
			hasScannedForEncodings = 0;
			knownRegions = (
				en,
				Base,
			);
			mainGroup = DE3D614624CB469500448CF4;
			productRefGroup = DE3D615024CB469500448CF4 /* Products */;
			projectDirPath = "";
			projectRoot = "";
			targets = (
				DE3D614E24CB469500448CF4 /* Mask Detector */,
				DE3D616424CB469B00448CF4 /* Mask DetectorTests */,
				DE3D616F24CB469B00448CF4 /* Mask DetectorUITests */,
			);
		};
/* End PBXProject section */

/* Begin PBXResourcesBuildPhase section */
		DE3D614D24CB469500448CF4 /* Resources */ = {
			isa = PBXResourcesBuildPhase;
			buildActionMask = 2147483647;
			files = (
				DE3D615F24CB469B00448CF4 /* LaunchScreen.storyboard in Resources */,
				DE3D615C24CB469B00448CF4 /* Assets.xcassets in Resources */,
				DE3D615A24CB469500448CF4 /* Main.storyboard in Resources */,
			);
			runOnlyForDeploymentPostprocessing = 0;
		};
		DE3D616324CB469B00448CF4 /* Resources */ = {
			isa = PBXResourcesBuildPhase;
			buildActionMask = 2147483647;
			files = (
			);
			runOnlyForDeploymentPostprocessing = 0;
		};
		DE3D616E24CB469B00448CF4 /* Resources */ = {
			isa = PBXResourcesBuildPhase;
			buildActionMask = 2147483647;
			files = (
			);
			runOnlyForDeploymentPostprocessing = 0;
		};
/* End PBXResourcesBuildPhase section */

/* Begin PBXSourcesBuildPhase section */
		DE3D614B24CB469500448CF4 /* Sources */ = {
			isa = PBXSourcesBuildPhase;
			buildActionMask = 2147483647;
			files = (
				DE3D615724CB469500448CF4 /* ViewController.swift in Sources */,
				DE3D615324CB469500448CF4 /* AppDelegate.swift in Sources */,
				DE76F89224D073F3006AE092 /* mask_detection.mlmodel in Sources */,
				DE3D615524CB469500448CF4 /* SceneDelegate.swift in Sources */,
			);
			runOnlyForDeploymentPostprocessing = 0;
		};
		DE3D616124CB469B00448CF4 /* Sources */ = {
			isa = PBXSourcesBuildPhase;
			buildActionMask = 2147483647;
			files = (
				DE3D616A24CB469B00448CF4 /* face_detectionTests.swift in Sources */,
			);
			runOnlyForDeploymentPostprocessing = 0;
		};
		DE3D616C24CB469B00448CF4 /* Sources */ = {
			isa = PBXSourcesBuildPhase;
			buildActionMask = 2147483647;
			files = (
				DE3D617524CB469B00448CF4 /* face_detectionUITests.swift in Sources */,
			);
			runOnlyForDeploymentPostprocessing = 0;
		};
/* End PBXSourcesBuildPhase section */

/* Begin PBXTargetDependency section */
		DE3D616724CB469B00448CF4 /* PBXTargetDependency */ = {
			isa = PBXTargetDependency;
			target = DE3D614E24CB469500448CF4 /* Mask Detector */;
			targetProxy = DE3D616624CB469B00448CF4 /* PBXContainerItemProxy */;
		};
		DE3D617224CB469B00448CF4 /* PBXTargetDependency */ = {
			isa = PBXTargetDependency;
			target = DE3D614E24CB469500448CF4 /* Mask Detector */;
			targetProxy = DE3D617124CB469B00448CF4 /* PBXContainerItemProxy */;
		};
/* End PBXTargetDependency section */

/* Begin PBXVariantGroup section */
		DE3D615824CB469500448CF4 /* Main.storyboard */ = {
			isa = PBXVariantGroup;
			children = (
				DE3D615924CB469500448CF4 /* Base */,
			);
			name = Main.storyboard;
			sourceTree = "<group>";
		};
		DE3D615D24CB469B00448CF4 /* LaunchScreen.storyboard */ = {
			isa = PBXVariantGroup;
			children = (
				DE3D615E24CB469B00448CF4 /* Base */,
			);
			name = LaunchScreen.storyboard;
			sourceTree = "<group>";
		};
/* End PBXVariantGroup section */

/* Begin XCBuildConfiguration section */
		DE3D617724CB469B00448CF4 /* Debug */ = {
			isa = XCBuildConfiguration;
			buildSettings = {
				ALWAYS_SEARCH_USER_PATHS = NO;
				CLANG_ANALYZER_NONNULL = YES;
				CLANG_ANALYZER_NUMBER_OBJECT_CONVERSION = YES_AGGRESSIVE;
				CLANG_CXX_LANGUAGE_STANDARD = "gnu++14";
				CLANG_CXX_LIBRARY = "libc++";
				CLANG_ENABLE_MODULES = YES;
				CLANG_ENABLE_OBJC_ARC = YES;
				CLANG_ENABLE_OBJC_WEAK = YES;
				CLANG_WARN_BLOCK_CAPTURE_AUTORELEASING = YES;
				CLANG_WARN_BOOL_CONVERSION = YES;
				CLANG_WARN_COMMA = YES;
				CLANG_WARN_CONSTANT_CONVERSION = YES;
				CLANG_WARN_DEPRECATED_OBJC_IMPLEMENTATIONS = YES;
				CLANG_WARN_DIRECT_OBJC_ISA_USAGE = YES_ERROR;
				CLANG_WARN_DOCUMENTATION_COMMENTS = YES;
				CLANG_WARN_EMPTY_BODY = YES;
				CLANG_WARN_ENUM_CONVERSION = YES;
				CLANG_WARN_INFINITE_RECURSION = YES;
				CLANG_WARN_INT_CONVERSION = YES;
				CLANG_WARN_NON_LITERAL_NULL_CONVERSION = YES;
				CLANG_WARN_OBJC_IMPLICIT_RETAIN_SELF = YES;
				CLANG_WARN_OBJC_LITERAL_CONVERSION = YES;
				CLANG_WARN_OBJC_ROOT_CLASS = YES_ERROR;
				CLANG_WARN_RANGE_LOOP_ANALYSIS = YES;
				CLANG_WARN_STRICT_PROTOTYPES = YES;
				CLANG_WARN_SUSPICIOUS_MOVE = YES;
				CLANG_WARN_UNGUARDED_AVAILABILITY = YES_AGGRESSIVE;
				CLANG_WARN_UNREACHABLE_CODE = YES;
				CLANG_WARN__DUPLICATE_METHOD_MATCH = YES;
				COPY_PHASE_STRIP = NO;
				DEBUG_INFORMATION_FORMAT = dwarf;
				ENABLE_STRICT_OBJC_MSGSEND = YES;
				ENABLE_TESTABILITY = YES;
				GCC_C_LANGUAGE_STANDARD = gnu11;
				GCC_DYNAMIC_NO_PIC = NO;
				GCC_NO_COMMON_BLOCKS = YES;
				GCC_OPTIMIZATION_LEVEL = 0;
				GCC_PREPROCESSOR_DEFINITIONS = (
					"DEBUG=1",
					"$(inherited)",
				);
				GCC_WARN_64_TO_32_BIT_CONVERSION = YES;
				GCC_WARN_ABOUT_RETURN_TYPE = YES_ERROR;
				GCC_WARN_UNDECLARED_SELECTOR = YES;
				GCC_WARN_UNINITIALIZED_AUTOS = YES_AGGRESSIVE;
				GCC_WARN_UNUSED_FUNCTION = YES;
				GCC_WARN_UNUSED_VARIABLE = YES;
				IPHONEOS_DEPLOYMENT_TARGET = 13.6;
				MTL_ENABLE_DEBUG_INFO = INCLUDE_SOURCE;
				MTL_FAST_MATH = YES;
				ONLY_ACTIVE_ARCH = YES;
				SDKROOT = iphoneos;
				SWIFT_ACTIVE_COMPILATION_CONDITIONS = DEBUG;
				SWIFT_OPTIMIZATION_LEVEL = "-Onone";
			};
			name = Debug;
		};
		DE3D617824CB469B00448CF4 /* Release */ = {
			isa = XCBuildConfiguration;
			buildSettings = {
				ALWAYS_SEARCH_USER_PATHS = NO;
				CLANG_ANALYZER_NONNULL = YES;
				CLANG_ANALYZER_NUMBER_OBJECT_CONVERSION = YES_AGGRESSIVE;
				CLANG_CXX_LANGUAGE_STANDARD = "gnu++14";
				CLANG_CXX_LIBRARY = "libc++";
				CLANG_ENABLE_MODULES = YES;
				CLANG_ENABLE_OBJC_ARC = YES;
				CLANG_ENABLE_OBJC_WEAK = YES;
				CLANG_WARN_BLOCK_CAPTURE_AUTORELEASING = YES;
				CLANG_WARN_BOOL_CONVERSION = YES;
				CLANG_WARN_COMMA = YES;
				CLANG_WARN_CONSTANT_CONVERSION = YES;
				CLANG_WARN_DEPRECATED_OBJC_IMPLEMENTATIONS = YES;
				CLANG_WARN_DIRECT_OBJC_ISA_USAGE = YES_ERROR;
				CLANG_WARN_DOCUMENTATION_COMMENTS = YES;
				CLANG_WARN_EMPTY_BODY = YES;
				CLANG_WARN_ENUM_CONVERSION = YES;
				CLANG_WARN_INFINITE_RECURSION = YES;
				CLANG_WARN_INT_CONVERSION = YES;
				CLANG_WARN_NON_LITERAL_NULL_CONVERSION = YES;
				CLANG_WARN_OBJC_IMPLICIT_RETAIN_SELF = YES;
				CLANG_WARN_OBJC_LITERAL_CONVERSION = YES;
				CLANG_WARN_OBJC_ROOT_CLASS = YES_ERROR;
				CLANG_WARN_RANGE_LOOP_ANALYSIS = YES;
				CLANG_WARN_STRICT_PROTOTYPES = YES;
				CLANG_WARN_SUSPICIOUS_MOVE = YES;
				CLANG_WARN_UNGUARDED_AVAILABILITY = YES_AGGRESSIVE;
				CLANG_WARN_UNREACHABLE_CODE = YES;
				CLANG_WARN__DUPLICATE_METHOD_MATCH = YES;
				COPY_PHASE_STRIP = NO;
				DEBUG_INFORMATION_FORMAT = "dwarf-with-dsym";
				ENABLE_NS_ASSERTIONS = NO;
				ENABLE_STRICT_OBJC_MSGSEND = YES;
				GCC_C_LANGUAGE_STANDARD = gnu11;
				GCC_NO_COMMON_BLOCKS = YES;
				GCC_WARN_64_TO_32_BIT_CONVERSION = YES;
				GCC_WARN_ABOUT_RETURN_TYPE = YES_ERROR;
				GCC_WARN_UNDECLARED_SELECTOR = YES;
				GCC_WARN_UNINITIALIZED_AUTOS = YES_AGGRESSIVE;
				GCC_WARN_UNUSED_FUNCTION = YES;
				GCC_WARN_UNUSED_VARIABLE = YES;
				IPHONEOS_DEPLOYMENT_TARGET = 13.6;
				MTL_ENABLE_DEBUG_INFO = NO;
				MTL_FAST_MATH = YES;
				SDKROOT = iphoneos;
				SWIFT_COMPILATION_MODE = wholemodule;
				SWIFT_OPTIMIZATION_LEVEL = "-O";
				VALIDATE_PRODUCT = YES;
			};
			name = Release;
		};
		DE3D617A24CB469B00448CF4 /* Debug */ = {
			isa = XCBuildConfiguration;
			buildSettings = {
				ASSETCATALOG_COMPILER_APPICON_NAME = AppIcon;
				CODE_SIGN_STYLE = Automatic;
				DEVELOPMENT_TEAM = 6484ZA84G9;
				INFOPLIST_FILE = face_detection/Info.plist;
				IPHONEOS_DEPLOYMENT_TARGET = 13.0;
				LD_RUNPATH_SEARCH_PATHS = (
					"$(inherited)",
					"@executable_path/Frameworks",
				);
				PRODUCT_BUNDLE_IDENTIFIER = "Shubham.face-detection";
				PRODUCT_NAME = "Mask Detector";
				SWIFT_VERSION = 5.0;
				TARGETED_DEVICE_FAMILY = 1;
			};
			name = Debug;
		};
		DE3D617B24CB469B00448CF4 /* Release */ = {
			isa = XCBuildConfiguration;
			buildSettings = {
				ASSETCATALOG_COMPILER_APPICON_NAME = AppIcon;
				CODE_SIGN_STYLE = Automatic;
				DEVELOPMENT_TEAM = 6484ZA84G9;
				INFOPLIST_FILE = face_detection/Info.plist;
				IPHONEOS_DEPLOYMENT_TARGET = 13.0;
				LD_RUNPATH_SEARCH_PATHS = (
					"$(inherited)",
					"@executable_path/Frameworks",
				);
				PRODUCT_BUNDLE_IDENTIFIER = "Shubham.face-detection";
				PRODUCT_NAME = "Mask Detector";
				SWIFT_VERSION = 5.0;
				TARGETED_DEVICE_FAMILY = 1;
			};
			name = Release;
		};
		DE3D617D24CB469B00448CF4 /* Debug */ = {
			isa = XCBuildConfiguration;
			buildSettings = {
				ALWAYS_EMBED_SWIFT_STANDARD_LIBRARIES = YES;
				BUNDLE_LOADER = "$(TEST_HOST)";
				CODE_SIGN_STYLE = Automatic;
				DEVELOPMENT_TEAM = 6484ZA84G9;
				INFOPLIST_FILE = face_detectionTests/Info.plist;
				IPHONEOS_DEPLOYMENT_TARGET = 13.6;
				LD_RUNPATH_SEARCH_PATHS = (
					"$(inherited)",
					"@executable_path/Frameworks",
					"@loader_path/Frameworks",
				);
				PRODUCT_BUNDLE_IDENTIFIER = "Shubham.face-detectionTests";
				PRODUCT_NAME = "$(TARGET_NAME)";
				SWIFT_VERSION = 5.0;
				TARGETED_DEVICE_FAMILY = "1,2";
				TEST_HOST = "$(BUILT_PRODUCTS_DIR)/Mask Detector.app/Mask Detector";
			};
			name = Debug;
		};
		DE3D617E24CB469B00448CF4 /* Release */ = {
			isa = XCBuildConfiguration;
			buildSettings = {
				ALWAYS_EMBED_SWIFT_STANDARD_LIBRARIES = YES;
				BUNDLE_LOADER = "$(TEST_HOST)";
				CODE_SIGN_STYLE = Automatic;
				DEVELOPMENT_TEAM = 6484ZA84G9;
				INFOPLIST_FILE = face_detectionTests/Info.plist;
				IPHONEOS_DEPLOYMENT_TARGET = 13.6;
				LD_RUNPATH_SEARCH_PATHS = (
					"$(inherited)",
					"@executable_path/Frameworks",
					"@loader_path/Frameworks",
				);
				PRODUCT_BUNDLE_IDENTIFIER = "Shubham.face-detectionTests";
				PRODUCT_NAME = "$(TARGET_NAME)";
				SWIFT_VERSION = 5.0;
				TARGETED_DEVICE_FAMILY = "1,2";
				TEST_HOST = "$(BUILT_PRODUCTS_DIR)/Mask Detector.app/Mask Detector";
			};
			name = Release;
		};
		DE3D618024CB469B00448CF4 /* Debug */ = {
			isa = XCBuildConfiguration;
			buildSettings = {
				ALWAYS_EMBED_SWIFT_STANDARD_LIBRARIES = YES;
				CODE_SIGN_STYLE = Automatic;
				DEVELOPMENT_TEAM = 6484ZA84G9;
				INFOPLIST_FILE = face_detectionUITests/Info.plist;
				LD_RUNPATH_SEARCH_PATHS = (
					"$(inherited)",
					"@executable_path/Frameworks",
					"@loader_path/Frameworks",
				);
				PRODUCT_BUNDLE_IDENTIFIER = "Shubham.face-detectionUITests";
				PRODUCT_NAME = "$(TARGET_NAME)";
				SWIFT_VERSION = 5.0;
				TARGETED_DEVICE_FAMILY = "1,2";
				TEST_TARGET_NAME = face_detection;
			};
			name = Debug;
		};
		DE3D618124CB469B00448CF4 /* Release */ = {
			isa = XCBuildConfiguration;
			buildSettings = {
				ALWAYS_EMBED_SWIFT_STANDARD_LIBRARIES = YES;
				CODE_SIGN_STYLE = Automatic;
				DEVELOPMENT_TEAM = 6484ZA84G9;
				INFOPLIST_FILE = face_detectionUITests/Info.plist;
				LD_RUNPATH_SEARCH_PATHS = (
					"$(inherited)",
					"@executable_path/Frameworks",
					"@loader_path/Frameworks",
				);
				PRODUCT_BUNDLE_IDENTIFIER = "Shubham.face-detectionUITests";
				PRODUCT_NAME = "$(TARGET_NAME)";
				SWIFT_VERSION = 5.0;
				TARGETED_DEVICE_FAMILY = "1,2";
				TEST_TARGET_NAME = face_detection;
			};
			name = Release;
		};
/* End XCBuildConfiguration section */

/* Begin XCConfigurationList section */
		DE3D614A24CB469500448CF4 /* Build configuration list for PBXProject "Mask Detector" */ = {
			isa = XCConfigurationList;
			buildConfigurations = (
				DE3D617724CB469B00448CF4 /* Debug */,
				DE3D617824CB469B00448CF4 /* Release */,
			);
			defaultConfigurationIsVisible = 0;
			defaultConfigurationName = Release;
		};
		DE3D617924CB469B00448CF4 /* Build configuration list for PBXNativeTarget "Mask Detector" */ = {
			isa = XCConfigurationList;
			buildConfigurations = (
				DE3D617A24CB469B00448CF4 /* Debug */,
				DE3D617B24CB469B00448CF4 /* Release */,
			);
			defaultConfigurationIsVisible = 0;
			defaultConfigurationName = Release;
		};
		DE3D617C24CB469B00448CF4 /* Build configuration list for PBXNativeTarget "Mask DetectorTests" */ = {
			isa = XCConfigurationList;
			buildConfigurations = (
				DE3D617D24CB469B00448CF4 /* Debug */,
				DE3D617E24CB469B00448CF4 /* Release */,
			);
			defaultConfigurationIsVisible = 0;
			defaultConfigurationName = Release;
		};
		DE3D617F24CB469B00448CF4 /* Build configuration list for PBXNativeTarget "Mask DetectorUITests" */ = {
			isa = XCConfigurationList;
			buildConfigurations = (
				DE3D618024CB469B00448CF4 /* Debug */,
				DE3D618124CB469B00448CF4 /* Release */,
			);
			defaultConfigurationIsVisible = 0;
			defaultConfigurationName = Release;
		};
/* End XCConfigurationList section */
	};
	rootObject = DE3D614724CB469500448CF4 /* Project object */;
}
