// !$*UTF8*$!
{
	archiveVersion = 1;
	classes = {
	};
	objectVersion = 50;
	objects = {

/* Begin PBXBuildFile section */
		DE59A2CE24CAF5690077CBC3 /* AppDelegate.swift in Sources */ = {isa = PBXBuildFile; fileRef = DE59A2CD24CAF5690077CBC3 /* AppDelegate.swift */; };
		DE59A2D224CAF5690077CBC3 /* ViewController.swift in Sources */ = {isa = PBXBuildFile; fileRef = DE59A2D124CAF5690077CBC3 /* ViewController.swift */; };
		DE59A2D724CAF56A0077CBC3 /* Assets.xcassets in Resources */ = {isa = PBXBuildFile; fileRef = DE59A2D624CAF56A0077CBC3 /* Assets.xcassets */; };
		DE59A2DA24CAF56A0077CBC3 /* LaunchScreen.storyboard in Resources */ = {isa = PBXBuildFile; fileRef = DE59A2D824CAF56A0077CBC3 /* LaunchScreen.storyboard */; };
		DE59A2E524CAF56B0077CBC3 /* Mask_DetectorTests.swift in Sources */ = {isa = PBXBuildFile; fileRef = DE59A2E424CAF56B0077CBC3 /* Mask_DetectorTests.swift */; };
		DE59A2F024CAF56B0077CBC3 /* Mask_DetectorUITests.swift in Sources */ = {isa = PBXBuildFile; fileRef = DE59A2EF24CAF56B0077CBC3 /* Mask_DetectorUITests.swift */; };
		DE59A2FE24CAF6080077CBC3 /* mask_detection_model.mlmodel in Sources */ = {isa = PBXBuildFile; fileRef = DE59A2FD24CAF6080077CBC3 /* mask_detection_model.mlmodel */; };
		DE59A30024CB03CF0077CBC3 /* SceneDelegate.swift in Sources */ = {isa = PBXBuildFile; fileRef = DE59A2FF24CB03CF0077CBC3 /* SceneDelegate.swift */; };
		DE59A34024CB0A5D0077CBC3 /* Main.storyboard in Resources */ = {isa = PBXBuildFile; fileRef = DE59A33F24CB0A5D0077CBC3 /* Main.storyboard */; };
/* End PBXBuildFile section */

/* Begin PBXContainerItemProxy section */
		DE59A2E124CAF56B0077CBC3 /* PBXContainerItemProxy */ = {
			isa = PBXContainerItemProxy;
			containerPortal = DE59A2C224CAF5690077CBC3 /* Project object */;
			proxyType = 1;
			remoteGlobalIDString = DE59A2C924CAF5690077CBC3;
			remoteInfo = "Mask Detector";
		};
		DE59A2EC24CAF56B0077CBC3 /* PBXContainerItemProxy */ = {
			isa = PBXContainerItemProxy;
			containerPortal = DE59A2C224CAF5690077CBC3 /* Project object */;
			proxyType = 1;
			remoteGlobalIDString = DE59A2C924CAF5690077CBC3;
			remoteInfo = "Mask Detector";
		};
/* End PBXContainerItemProxy section */

/* Begin PBXFileReference section */
		DE59A2CA24CAF5690077CBC3 /* Mask Detector.app */ = {isa = PBXFileReference; explicitFileType = wrapper.application; includeInIndex = 0; path = "Mask Detector.app"; sourceTree = BUILT_PRODUCTS_DIR; };
		DE59A2CD24CAF5690077CBC3 /* AppDelegate.swift */ = {isa = PBXFileReference; lastKnownFileType = sourcecode.swift; path = AppDelegate.swift; sourceTree = "<group>"; };
		DE59A2D124CAF5690077CBC3 /* ViewController.swift */ = {isa = PBXFileReference; lastKnownFileType = sourcecode.swift; path = ViewController.swift; sourceTree = "<group>"; };
		DE59A2D624CAF56A0077CBC3 /* Assets.xcassets */ = {isa = PBXFileReference; lastKnownFileType = folder.assetcatalog; path = Assets.xcassets; sourceTree = "<group>"; };
		DE59A2D924CAF56A0077CBC3 /* Base */ = {isa = PBXFileReference; lastKnownFileType = file.storyboard; name = Base; path = Base.lproj/LaunchScreen.storyboard; sourceTree = "<group>"; };
		DE59A2DB24CAF56A0077CBC3 /* Info.plist */ = {isa = PBXFileReference; lastKnownFileType = text.plist.xml; path = Info.plist; sourceTree = "<group>"; };
		DE59A2E024CAF56B0077CBC3 /* Mask DetectorTests.xctest */ = {isa = PBXFileReference; explicitFileType = wrapper.cfbundle; includeInIndex = 0; path = "Mask DetectorTests.xctest"; sourceTree = BUILT_PRODUCTS_DIR; };
		DE59A2E424CAF56B0077CBC3 /* Mask_DetectorTests.swift */ = {isa = PBXFileReference; lastKnownFileType = sourcecode.swift; path = Mask_DetectorTests.swift; sourceTree = "<group>"; };
		DE59A2E624CAF56B0077CBC3 /* Info.plist */ = {isa = PBXFileReference; lastKnownFileType = text.plist.xml; path = Info.plist; sourceTree = "<group>"; };
		DE59A2EB24CAF56B0077CBC3 /* Mask DetectorUITests.xctest */ = {isa = PBXFileReference; explicitFileType = wrapper.cfbundle; includeInIndex = 0; path = "Mask DetectorUITests.xctest"; sourceTree = BUILT_PRODUCTS_DIR; };
		DE59A2EF24CAF56B0077CBC3 /* Mask_DetectorUITests.swift */ = {isa = PBXFileReference; lastKnownFileType = sourcecode.swift; path = Mask_DetectorUITests.swift; sourceTree = "<group>"; };
		DE59A2F124CAF56B0077CBC3 /* Info.plist */ = {isa = PBXFileReference; lastKnownFileType = text.plist.xml; path = Info.plist; sourceTree = "<group>"; };
		DE59A2FD24CAF6080077CBC3 /* mask_detection_model.mlmodel */ = {isa = PBXFileReference; lastKnownFileType = file.mlmodel; name = mask_detection_model.mlmodel; path = ../../model/mask_detection_model.mlmodel; sourceTree = "<group>"; };
		DE59A2FF24CB03CF0077CBC3 /* SceneDelegate.swift */ = {isa = PBXFileReference; fileEncoding = 4; lastKnownFileType = sourcecode.swift; name = SceneDelegate.swift; path = ../../../../../.Trash/SceneDelegate.swift; sourceTree = "<group>"; };
		DE59A33F24CB0A5D0077CBC3 /* Main.storyboard */ = {isa = PBXFileReference; fileEncoding = 4; lastKnownFileType = file.storyboard; name = Main.storyboard; path = ../../../../../.Trash/Main.storyboard; sourceTree = "<group>"; };
/* End PBXFileReference section */

/* Begin PBXFrameworksBuildPhase section */
		DE59A2C724CAF5690077CBC3 /* Frameworks */ = {
			isa = PBXFrameworksBuildPhase;
			buildActionMask = 2147483647;
			files = (
			);
			runOnlyForDeploymentPostprocessing = 0;
		};
		DE59A2DD24CAF56B0077CBC3 /* Frameworks */ = {
			isa = PBXFrameworksBuildPhase;
			buildActionMask = 2147483647;
			files = (
			);
			runOnlyForDeploymentPostprocessing = 0;
		};
		DE59A2E824CAF56B0077CBC3 /* Frameworks */ = {
			isa = PBXFrameworksBuildPhase;
			buildActionMask = 2147483647;
			files = (
			);
			runOnlyForDeploymentPostprocessing = 0;
		};
/* End PBXFrameworksBuildPhase section */

/* Begin PBXGroup section */
		DE59A2C124CAF5690077CBC3 = {
			isa = PBXGroup;
			children = (
				DE59A2CC24CAF5690077CBC3 /* Mask Detector */,
				DE59A2E324CAF56B0077CBC3 /* Mask DetectorTests */,
				DE59A2EE24CAF56B0077CBC3 /* Mask DetectorUITests */,
				DE59A2CB24CAF5690077CBC3 /* Products */,
			);
			sourceTree = "<group>";
		};
		DE59A2CB24CAF5690077CBC3 /* Products */ = {
			isa = PBXGroup;
			children = (
				DE59A2CA24CAF5690077CBC3 /* Mask Detector.app */,
				DE59A2E024CAF56B0077CBC3 /* Mask DetectorTests.xctest */,
				DE59A2EB24CAF56B0077CBC3 /* Mask DetectorUITests.xctest */,
			);
			name = Products;
			sourceTree = "<group>";
		};
		DE59A2CC24CAF5690077CBC3 /* Mask Detector */ = {
			isa = PBXGroup;
			children = (
				DE59A2FD24CAF6080077CBC3 /* mask_detection_model.mlmodel */,
				DE59A2CD24CAF5690077CBC3 /* AppDelegate.swift */,
				DE59A2D124CAF5690077CBC3 /* ViewController.swift */,
				DE59A2FF24CB03CF0077CBC3 /* SceneDelegate.swift */,
				DE59A33F24CB0A5D0077CBC3 /* Main.storyboard */,
				DE59A2D624CAF56A0077CBC3 /* Assets.xcassets */,
				DE59A2D824CAF56A0077CBC3 /* LaunchScreen.storyboard */,
				DE59A2DB24CAF56A0077CBC3 /* Info.plist */,
			);
			path = "Mask Detector";
			sourceTree = "<group>";
		};
		DE59A2E324CAF56B0077CBC3 /* Mask DetectorTests */ = {
			isa = PBXGroup;
			children = (
				DE59A2E424CAF56B0077CBC3 /* Mask_DetectorTests.swift */,
				DE59A2E624CAF56B0077CBC3 /* Info.plist */,
			);
			path = "Mask DetectorTests";
			sourceTree = "<group>";
		};
		DE59A2EE24CAF56B0077CBC3 /* Mask DetectorUITests */ = {
			isa = PBXGroup;
			children = (
				DE59A2EF24CAF56B0077CBC3 /* Mask_DetectorUITests.swift */,
				DE59A2F124CAF56B0077CBC3 /* Info.plist */,
			);
			path = "Mask DetectorUITests";
			sourceTree = "<group>";
		};
/* End PBXGroup section */

/* Begin PBXNativeTarget section */
		DE59A2C924CAF5690077CBC3 /* Mask Detector */ = {
			isa = PBXNativeTarget;
			buildConfigurationList = DE59A2F424CAF56B0077CBC3 /* Build configuration list for PBXNativeTarget "Mask Detector" */;
			buildPhases = (
				DE59A2C624CAF5690077CBC3 /* Sources */,
				DE59A2C724CAF5690077CBC3 /* Frameworks */,
				DE59A2C824CAF5690077CBC3 /* Resources */,
			);
			buildRules = (
			);
			dependencies = (
			);
			name = "Mask Detector";
			productName = "Mask Detector";
			productReference = DE59A2CA24CAF5690077CBC3 /* Mask Detector.app */;
			productType = "com.apple.product-type.application";
		};
		DE59A2DF24CAF56B0077CBC3 /* Mask DetectorTests */ = {
			isa = PBXNativeTarget;
			buildConfigurationList = DE59A2F724CAF56B0077CBC3 /* Build configuration list for PBXNativeTarget "Mask DetectorTests" */;
			buildPhases = (
				DE59A2DC24CAF56B0077CBC3 /* Sources */,
				DE59A2DD24CAF56B0077CBC3 /* Frameworks */,
				DE59A2DE24CAF56B0077CBC3 /* Resources */,
			);
			buildRules = (
			);
			dependencies = (
				DE59A2E224CAF56B0077CBC3 /* PBXTargetDependency */,
			);
			name = "Mask DetectorTests";
			productName = "Mask DetectorTests";
			productReference = DE59A2E024CAF56B0077CBC3 /* Mask DetectorTests.xctest */;
			productType = "com.apple.product-type.bundle.unit-test";
		};
		DE59A2EA24CAF56B0077CBC3 /* Mask DetectorUITests */ = {
			isa = PBXNativeTarget;
			buildConfigurationList = DE59A2FA24CAF56B0077CBC3 /* Build configuration list for PBXNativeTarget "Mask DetectorUITests" */;
			buildPhases = (
				DE59A2E724CAF56B0077CBC3 /* Sources */,
				DE59A2E824CAF56B0077CBC3 /* Frameworks */,
				DE59A2E924CAF56B0077CBC3 /* Resources */,
			);
			buildRules = (
			);
			dependencies = (
				DE59A2ED24CAF56B0077CBC3 /* PBXTargetDependency */,
			);
			name = "Mask DetectorUITests";
			productName = "Mask DetectorUITests";
			productReference = DE59A2EB24CAF56B0077CBC3 /* Mask DetectorUITests.xctest */;
			productType = "com.apple.product-type.bundle.ui-testing";
		};
/* End PBXNativeTarget section */

/* Begin PBXProject section */
		DE59A2C224CAF5690077CBC3 /* Project object */ = {
			isa = PBXProject;
			attributes = {
				LastSwiftUpdateCheck = 1160;
				LastUpgradeCheck = 1160;
				ORGANIZATIONNAME = "Shubham Patel";
				TargetAttributes = {
					DE59A2C924CAF5690077CBC3 = {
						CreatedOnToolsVersion = 11.6;
					};
					DE59A2DF24CAF56B0077CBC3 = {
						CreatedOnToolsVersion = 11.6;
						TestTargetID = DE59A2C924CAF5690077CBC3;
					};
					DE59A2EA24CAF56B0077CBC3 = {
						CreatedOnToolsVersion = 11.6;
						TestTargetID = DE59A2C924CAF5690077CBC3;
					};
				};
			};
			buildConfigurationList = DE59A2C524CAF5690077CBC3 /* Build configuration list for PBXProject "Mask Detector" */;
			compatibilityVersion = "Xcode 9.3";
			developmentRegion = en;
			hasScannedForEncodings = 0;
			knownRegions = (
				en,
				Base,
			);
			mainGroup = DE59A2C124CAF5690077CBC3;
			productRefGroup = DE59A2CB24CAF5690077CBC3 /* Products */;
			projectDirPath = "";
			projectRoot = "";
			targets = (
				DE59A2C924CAF5690077CBC3 /* Mask Detector */,
				DE59A2DF24CAF56B0077CBC3 /* Mask DetectorTests */,
				DE59A2EA24CAF56B0077CBC3 /* Mask DetectorUITests */,
			);
		};
/* End PBXProject section */

/* Begin PBXResourcesBuildPhase section */
		DE59A2C824CAF5690077CBC3 /* Resources */ = {
			isa = PBXResourcesBuildPhase;
			buildActionMask = 2147483647;
			files = (
				DE59A34024CB0A5D0077CBC3 /* Main.storyboard in Resources */,
				DE59A2DA24CAF56A0077CBC3 /* LaunchScreen.storyboard in Resources */,
				DE59A2D724CAF56A0077CBC3 /* Assets.xcassets in Resources */,
			);
			runOnlyForDeploymentPostprocessing = 0;
		};
		DE59A2DE24CAF56B0077CBC3 /* Resources */ = {
			isa = PBXResourcesBuildPhase;
			buildActionMask = 2147483647;
			files = (
			);
			runOnlyForDeploymentPostprocessing = 0;
		};
		DE59A2E924CAF56B0077CBC3 /* Resources */ = {
			isa = PBXResourcesBuildPhase;
			buildActionMask = 2147483647;
			files = (
			);
			runOnlyForDeploymentPostprocessing = 0;
		};
/* End PBXResourcesBuildPhase section */

/* Begin PBXSourcesBuildPhase section */
		DE59A2C624CAF5690077CBC3 /* Sources */ = {
			isa = PBXSourcesBuildPhase;
			buildActionMask = 2147483647;
			files = (
				DE59A2D224CAF5690077CBC3 /* ViewController.swift in Sources */,
				DE59A2CE24CAF5690077CBC3 /* AppDelegate.swift in Sources */,
				DE59A2FE24CAF6080077CBC3 /* mask_detection_model.mlmodel in Sources */,
				DE59A30024CB03CF0077CBC3 /* SceneDelegate.swift in Sources */,
			);
			runOnlyForDeploymentPostprocessing = 0;
		};
		DE59A2DC24CAF56B0077CBC3 /* Sources */ = {
			isa = PBXSourcesBuildPhase;
			buildActionMask = 2147483647;
			files = (
				DE59A2E524CAF56B0077CBC3 /* Mask_DetectorTests.swift in Sources */,
			);
			runOnlyForDeploymentPostprocessing = 0;
		};
		DE59A2E724CAF56B0077CBC3 /* Sources */ = {
			isa = PBXSourcesBuildPhase;
			buildActionMask = 2147483647;
			files = (
				DE59A2F024CAF56B0077CBC3 /* Mask_DetectorUITests.swift in Sources */,
			);
			runOnlyForDeploymentPostprocessing = 0;
		};
/* End PBXSourcesBuildPhase section */

/* Begin PBXTargetDependency section */
		DE59A2E224CAF56B0077CBC3 /* PBXTargetDependency */ = {
			isa = PBXTargetDependency;
			target = DE59A2C924CAF5690077CBC3 /* Mask Detector */;
			targetProxy = DE59A2E124CAF56B0077CBC3 /* PBXContainerItemProxy */;
		};
		DE59A2ED24CAF56B0077CBC3 /* PBXTargetDependency */ = {
			isa = PBXTargetDependency;
			target = DE59A2C924CAF5690077CBC3 /* Mask Detector */;
			targetProxy = DE59A2EC24CAF56B0077CBC3 /* PBXContainerItemProxy */;
		};
/* End PBXTargetDependency section */

/* Begin PBXVariantGroup section */
		DE59A2D824CAF56A0077CBC3 /* LaunchScreen.storyboard */ = {
			isa = PBXVariantGroup;
			children = (
				DE59A2D924CAF56A0077CBC3 /* Base */,
			);
			name = LaunchScreen.storyboard;
			sourceTree = "<group>";
		};
/* End PBXVariantGroup section */

/* Begin XCBuildConfiguration section */
		DE59A2F224CAF56B0077CBC3 /* Debug */ = {
			isa = XCBuildConfiguration;
			buildSettings = {
				ALWAYS_SEARCH_USER_PATHS = NO;
				CLANG_ANALYZER_NONNULL = YES;
				CLANG_ANALYZER_NUMBER_OBJECT_CONVERSION = YES_AGGRESSIVE;
				CLANG_CXX_LANGUAGE_STANDARD = "gnu++14";
				CLANG_CXX_LIBRARY = "libc++";
				CLANG_ENABLE_MODULES = YES;
				CLANG_ENABLE_OBJC_ARC = YES;
				CLANG_ENABLE_OBJC_WEAK = YES;
				CLANG_WARN_BLOCK_CAPTURE_AUTORELEASING = YES;
				CLANG_WARN_BOOL_CONVERSION = YES;
				CLANG_WARN_COMMA = YES;
				CLANG_WARN_CONSTANT_CONVERSION = YES;
				CLANG_WARN_DEPRECATED_OBJC_IMPLEMENTATIONS = YES;
				CLANG_WARN_DIRECT_OBJC_ISA_USAGE = YES_ERROR;
				CLANG_WARN_DOCUMENTATION_COMMENTS = YES;
				CLANG_WARN_EMPTY_BODY = YES;
				CLANG_WARN_ENUM_CONVERSION = YES;
				CLANG_WARN_INFINITE_RECURSION = YES;
				CLANG_WARN_INT_CONVERSION = YES;
				CLANG_WARN_NON_LITERAL_NULL_CONVERSION = YES;
				CLANG_WARN_OBJC_IMPLICIT_RETAIN_SELF = YES;
				CLANG_WARN_OBJC_LITERAL_CONVERSION = YES;
				CLANG_WARN_OBJC_ROOT_CLASS = YES_ERROR;
				CLANG_WARN_RANGE_LOOP_ANALYSIS = YES;
				CLANG_WARN_STRICT_PROTOTYPES = YES;
				CLANG_WARN_SUSPICIOUS_MOVE = YES;
				CLANG_WARN_UNGUARDED_AVAILABILITY = YES_AGGRESSIVE;
				CLANG_WARN_UNREACHABLE_CODE = YES;
				CLANG_WARN__DUPLICATE_METHOD_MATCH = YES;
				COPY_PHASE_STRIP = NO;
				DEBUG_INFORMATION_FORMAT = dwarf;
				ENABLE_STRICT_OBJC_MSGSEND = YES;
				ENABLE_TESTABILITY = YES;
				GCC_C_LANGUAGE_STANDARD = gnu11;
				GCC_DYNAMIC_NO_PIC = NO;
				GCC_NO_COMMON_BLOCKS = YES;
				GCC_OPTIMIZATION_LEVEL = 0;
				GCC_PREPROCESSOR_DEFINITIONS = (
					"DEBUG=1",
					"$(inherited)",
				);
				GCC_WARN_64_TO_32_BIT_CONVERSION = YES;
				GCC_WARN_ABOUT_RETURN_TYPE = YES_ERROR;
				GCC_WARN_UNDECLARED_SELECTOR = YES;
				GCC_WARN_UNINITIALIZED_AUTOS = YES_AGGRESSIVE;
				GCC_WARN_UNUSED_FUNCTION = YES;
				GCC_WARN_UNUSED_VARIABLE = YES;
				IPHONEOS_DEPLOYMENT_TARGET = 13.6;
				MTL_ENABLE_DEBUG_INFO = INCLUDE_SOURCE;
				MTL_FAST_MATH = YES;
				ONLY_ACTIVE_ARCH = YES;
				SDKROOT = iphoneos;
				SWIFT_ACTIVE_COMPILATION_CONDITIONS = DEBUG;
				SWIFT_OPTIMIZATION_LEVEL = "-Onone";
			};
			name = Debug;
		};
		DE59A2F324CAF56B0077CBC3 /* Release */ = {
			isa = XCBuildConfiguration;
			buildSettings = {
				ALWAYS_SEARCH_USER_PATHS = NO;
				CLANG_ANALYZER_NONNULL = YES;
				CLANG_ANALYZER_NUMBER_OBJECT_CONVERSION = YES_AGGRESSIVE;
				CLANG_CXX_LANGUAGE_STANDARD = "gnu++14";
				CLANG_CXX_LIBRARY = "libc++";
				CLANG_ENABLE_MODULES = YES;
				CLANG_ENABLE_OBJC_ARC = YES;
				CLANG_ENABLE_OBJC_WEAK = YES;
				CLANG_WARN_BLOCK_CAPTURE_AUTORELEASING = YES;
				CLANG_WARN_BOOL_CONVERSION = YES;
				CLANG_WARN_COMMA = YES;
				CLANG_WARN_CONSTANT_CONVERSION = YES;
				CLANG_WARN_DEPRECATED_OBJC_IMPLEMENTATIONS = YES;
				CLANG_WARN_DIRECT_OBJC_ISA_USAGE = YES_ERROR;
				CLANG_WARN_DOCUMENTATION_COMMENTS = YES;
				CLANG_WARN_EMPTY_BODY = YES;
				CLANG_WARN_ENUM_CONVERSION = YES;
				CLANG_WARN_INFINITE_RECURSION = YES;
				CLANG_WARN_INT_CONVERSION = YES;
				CLANG_WARN_NON_LITERAL_NULL_CONVERSION = YES;
				CLANG_WARN_OBJC_IMPLICIT_RETAIN_SELF = YES;
				CLANG_WARN_OBJC_LITERAL_CONVERSION = YES;
				CLANG_WARN_OBJC_ROOT_CLASS = YES_ERROR;
				CLANG_WARN_RANGE_LOOP_ANALYSIS = YES;
				CLANG_WARN_STRICT_PROTOTYPES = YES;
				CLANG_WARN_SUSPICIOUS_MOVE = YES;
				CLANG_WARN_UNGUARDED_AVAILABILITY = YES_AGGRESSIVE;
				CLANG_WARN_UNREACHABLE_CODE = YES;
				CLANG_WARN__DUPLICATE_METHOD_MATCH = YES;
				COPY_PHASE_STRIP = NO;
				DEBUG_INFORMATION_FORMAT = "dwarf-with-dsym";
				ENABLE_NS_ASSERTIONS = NO;
				ENABLE_STRICT_OBJC_MSGSEND = YES;
				GCC_C_LANGUAGE_STANDARD = gnu11;
				GCC_NO_COMMON_BLOCKS = YES;
				GCC_WARN_64_TO_32_BIT_CONVERSION = YES;
				GCC_WARN_ABOUT_RETURN_TYPE = YES_ERROR;
				GCC_WARN_UNDECLARED_SELECTOR = YES;
				GCC_WARN_UNINITIALIZED_AUTOS = YES_AGGRESSIVE;
				GCC_WARN_UNUSED_FUNCTION = YES;
				GCC_WARN_UNUSED_VARIABLE = YES;
				IPHONEOS_DEPLOYMENT_TARGET = 13.6;
				MTL_ENABLE_DEBUG_INFO = NO;
				MTL_FAST_MATH = YES;
				SDKROOT = iphoneos;
				SWIFT_COMPILATION_MODE = wholemodule;
				SWIFT_OPTIMIZATION_LEVEL = "-O";
				VALIDATE_PRODUCT = YES;
			};
			name = Release;
		};
		DE59A2F524CAF56B0077CBC3 /* Debug */ = {
			isa = XCBuildConfiguration;
			buildSettings = {
				ASSETCATALOG_COMPILER_APPICON_NAME = AppIcon;
				CODE_SIGN_IDENTITY = "Apple Development";
				CODE_SIGN_STYLE = Automatic;
				DEVELOPMENT_TEAM = 6484ZA84G9;
				INFOPLIST_FILE = "Mask Detector/Info.plist";
				IPHONEOS_DEPLOYMENT_TARGET = 13.6;
				LD_RUNPATH_SEARCH_PATHS = (
					"$(inherited)",
					"@executable_path/Frameworks",
				);
				PRODUCT_BUNDLE_IDENTIFIER = "Shubham.Mask-Detector";
				PRODUCT_NAME = "$(TARGET_NAME)";
				PROVISIONING_PROFILE_SPECIFIER = "";
				SWIFT_VERSION = 5.0;
				TARGETED_DEVICE_FAMILY = 1;
			};
			name = Debug;
		};
		DE59A2F624CAF56B0077CBC3 /* Release */ = {
			isa = XCBuildConfiguration;
			buildSettings = {
				ASSETCATALOG_COMPILER_APPICON_NAME = AppIcon;
				CODE_SIGN_IDENTITY = "Apple Development";
				CODE_SIGN_STYLE = Automatic;
				DEVELOPMENT_TEAM = 6484ZA84G9;
				INFOPLIST_FILE = "Mask Detector/Info.plist";
				IPHONEOS_DEPLOYMENT_TARGET = 13.6;
				LD_RUNPATH_SEARCH_PATHS = (
					"$(inherited)",
					"@executable_path/Frameworks",
				);
				PRODUCT_BUNDLE_IDENTIFIER = "Shubham.Mask-Detector";
				PRODUCT_NAME = "$(TARGET_NAME)";
				PROVISIONING_PROFILE_SPECIFIER = "";
				SWIFT_VERSION = 5.0;
				TARGETED_DEVICE_FAMILY = 1;
			};
			name = Release;
		};
		DE59A2F824CAF56B0077CBC3 /* Debug */ = {
			isa = XCBuildConfiguration;
			buildSettings = {
				ALWAYS_EMBED_SWIFT_STANDARD_LIBRARIES = YES;
				BUNDLE_LOADER = "$(TEST_HOST)";
				CODE_SIGN_STYLE = Automatic;
				INFOPLIST_FILE = "Mask DetectorTests/Info.plist";
				IPHONEOS_DEPLOYMENT_TARGET = 13.6;
				LD_RUNPATH_SEARCH_PATHS = (
					"$(inherited)",
					"@executable_path/Frameworks",
					"@loader_path/Frameworks",
				);
				PRODUCT_BUNDLE_IDENTIFIER = "Shubham.Mask-DetectorTests";
				PRODUCT_NAME = "$(TARGET_NAME)";
				SWIFT_VERSION = 5.0;
				TARGETED_DEVICE_FAMILY = "1,2";
				TEST_HOST = "$(BUILT_PRODUCTS_DIR)/Mask Detector.app/Mask Detector";
			};
			name = Debug;
		};
		DE59A2F924CAF56B0077CBC3 /* Release */ = {
			isa = XCBuildConfiguration;
			buildSettings = {
				ALWAYS_EMBED_SWIFT_STANDARD_LIBRARIES = YES;
				BUNDLE_LOADER = "$(TEST_HOST)";
				CODE_SIGN_STYLE = Automatic;
				INFOPLIST_FILE = "Mask DetectorTests/Info.plist";
				IPHONEOS_DEPLOYMENT_TARGET = 13.6;
				LD_RUNPATH_SEARCH_PATHS = (
					"$(inherited)",
					"@executable_path/Frameworks",
					"@loader_path/Frameworks",
				);
				PRODUCT_BUNDLE_IDENTIFIER = "Shubham.Mask-DetectorTests";
				PRODUCT_NAME = "$(TARGET_NAME)";
				SWIFT_VERSION = 5.0;
				TARGETED_DEVICE_FAMILY = "1,2";
				TEST_HOST = "$(BUILT_PRODUCTS_DIR)/Mask Detector.app/Mask Detector";
			};
			name = Release;
		};
		DE59A2FB24CAF56B0077CBC3 /* Debug */ = {
			isa = XCBuildConfiguration;
			buildSettings = {
				ALWAYS_EMBED_SWIFT_STANDARD_LIBRARIES = YES;
				CODE_SIGN_STYLE = Automatic;
				INFOPLIST_FILE = "Mask DetectorUITests/Info.plist";
				LD_RUNPATH_SEARCH_PATHS = (
					"$(inherited)",
					"@executable_path/Frameworks",
					"@loader_path/Frameworks",
				);
				PRODUCT_BUNDLE_IDENTIFIER = "Shubham.Mask-DetectorUITests";
				PRODUCT_NAME = "$(TARGET_NAME)";
				SWIFT_VERSION = 5.0;
				TARGETED_DEVICE_FAMILY = "1,2";
				TEST_TARGET_NAME = "Mask Detector";
			};
			name = Debug;
		};
		DE59A2FC24CAF56B0077CBC3 /* Release */ = {
			isa = XCBuildConfiguration;
			buildSettings = {
				ALWAYS_EMBED_SWIFT_STANDARD_LIBRARIES = YES;
				CODE_SIGN_STYLE = Automatic;
				INFOPLIST_FILE = "Mask DetectorUITests/Info.plist";
				LD_RUNPATH_SEARCH_PATHS = (
					"$(inherited)",
					"@executable_path/Frameworks",
					"@loader_path/Frameworks",
				);
				PRODUCT_BUNDLE_IDENTIFIER = "Shubham.Mask-DetectorUITests";
				PRODUCT_NAME = "$(TARGET_NAME)";
				SWIFT_VERSION = 5.0;
				TARGETED_DEVICE_FAMILY = "1,2";
				TEST_TARGET_NAME = "Mask Detector";
			};
			name = Release;
		};
/* End XCBuildConfiguration section */

/* Begin XCConfigurationList section */
		DE59A2C524CAF5690077CBC3 /* Build configuration list for PBXProject "Mask Detector" */ = {
			isa = XCConfigurationList;
			buildConfigurations = (
				DE59A2F224CAF56B0077CBC3 /* Debug */,
				DE59A2F324CAF56B0077CBC3 /* Release */,
			);
			defaultConfigurationIsVisible = 0;
			defaultConfigurationName = Release;
		};
		DE59A2F424CAF56B0077CBC3 /* Build configuration list for PBXNativeTarget "Mask Detector" */ = {
			isa = XCConfigurationList;
			buildConfigurations = (
				DE59A2F524CAF56B0077CBC3 /* Debug */,
				DE59A2F624CAF56B0077CBC3 /* Release */,
			);
			defaultConfigurationIsVisible = 0;
			defaultConfigurationName = Release;
		};
		DE59A2F724CAF56B0077CBC3 /* Build configuration list for PBXNativeTarget "Mask DetectorTests" */ = {
			isa = XCConfigurationList;
			buildConfigurations = (
				DE59A2F824CAF56B0077CBC3 /* Debug */,
				DE59A2F924CAF56B0077CBC3 /* Release */,
			);
			defaultConfigurationIsVisible = 0;
			defaultConfigurationName = Release;
		};
		DE59A2FA24CAF56B0077CBC3 /* Build configuration list for PBXNativeTarget "Mask DetectorUITests" */ = {
			isa = XCConfigurationList;
			buildConfigurations = (
				DE59A2FB24CAF56B0077CBC3 /* Debug */,
				DE59A2FC24CAF56B0077CBC3 /* Release */,
			);
			defaultConfigurationIsVisible = 0;
			defaultConfigurationName = Release;
		};
/* End XCConfigurationList section */
	};
	rootObject = DE59A2C224CAF5690077CBC3 /* Project object */;
}
